
Microsoft Visual Studio Solution File, Format Version 12.00
# Visual Studio 15
VisualStudioVersion = 15.0.26430.6
MinimumVisualStudioVersion = 10.0.40219.1
Project("{FAE04EC0-301F-11D3-BF4B-00C04F79EFBC}") = "Sample", "Sample\Sample.csproj", "{A100272F-7DB9-4473-8907-37D9623A92DD}"
EndProject
Global
	GlobalSection(SolutionConfigurationPlatforms) = preSolution
		Debug|Any CPU = Debug|Any CPU
		Release|Any CPU = Release|Any CPU
	EndGlobalSection
	GlobalSection(ProjectConfigurationPlatforms) = postSolution
		{A100272F-7DB9-4473-8907-37D9623A92DD}.Debug|Any CPU.ActiveCfg = Debug|Any CPU
		{A100272F-7DB9-4473-8907-37D9623A92DD}.Debug|Any CPU.Build.0 = Debug|Any CPU
		{A100272F-7DB9-4473-8907-37D9623A92DD}.Release|Any CPU.ActiveCfg = Release|Any CPU
		{A100272F-7DB9-4473-8907-37D9623A92DD}.Release|Any CPU.Build.0 = Release|Any CPU
	EndGlobalSection
	GlobalSection(SolutionProperties) = preSolution
		HideSolutionNode = FALSE
	EndGlobalSection
EndGlobal
